# generated by rye
# use `rye lock` or `rye sync` to update this lockfile
#
# last locked with the following flags:
#   pre: false
#   features: []
#   all-features: false
#   with-sources: false
#   generate-hashes: false
#   universal: false

-e file:.
aioitertools==0.12.0
    # via arize-phoenix
aiosqlite==0.20.0
    # via arize-phoenix
alembic==1.13.3
    # via arize-phoenix
annotated-types==0.7.0
    # via pydantic
anyio==4.6.0
    # via httpx
    # via openai
    # via starlette
arize-phoenix==5.2.2
arize-phoenix-evals==0.17.0
    # via arize-phoenix
arize-phoenix-otel==0.5.1
    # via arize-phoenix
authlib==1.3.2
    # via arize-phoenix
cachetools==5.5.0
    # via arize-phoenix
certifi==2024.8.30
    # via httpcore
    # via httpx
    # via requests
cffi==1.17.1
    # via cryptography
charset-normalizer==3.4.0
    # via requests
click==8.1.7
    # via uvicorn
cryptography==43.0.1
    # via authlib
deprecated==1.2.14
    # via opentelemetry-api
    # via opentelemetry-exporter-otlp-proto-grpc
    # via opentelemetry-exporter-otlp-proto-http
    # via opentelemetry-semantic-conventions
distro==1.9.0
    # via openai
fast-hdbscan==0.2.0
    # via arize-phoenix
fastapi==0.115.2
    # via arize-phoenix
googleapis-common-protos==1.65.0
    # via opentelemetry-exporter-otlp-proto-grpc
    # via opentelemetry-exporter-otlp-proto-http
graphql-core==3.2.4
    # via strawberry-graphql
greenlet==3.1.1
    # via sqlalchemy
grpc-interceptor==0.15.4
    # via arize-phoenix
grpcio==1.66.2
    # via arize-phoenix
    # via grpc-interceptor
    # via opentelemetry-exporter-otlp-proto-grpc
h11==0.14.0
    # via httpcore
    # via uvicorn
httpcore==1.0.6
    # via httpx
httpx==0.27.2
    # via arize-phoenix
    # via openai
idna==3.10
    # via anyio
    # via httpx
    # via requests
importlib-metadata==8.4.0
    # via opentelemetry-api
jinja2==3.1.4
    # via arize-phoenix
jiter==0.6.1
    # via openai
joblib==1.4.2
    # via pynndescent
    # via scikit-learn
llvmlite==0.43.0
    # via numba
    # via pynndescent
mako==1.3.5
    # via alembic
markupsafe==3.0.1
    # via jinja2
    # via mako
numba==0.60.0
    # via arize-phoenix
    # via fast-hdbscan
    # via pynndescent
    # via umap-learn
numpy==2.0.2
    # via arize-phoenix
    # via fast-hdbscan
    # via numba
    # via pandas
    # via pyarrow
    # via scikit-learn
    # via scipy
    # via umap-learn
openai==1.51.2
    # via demo
openinference-instrumentation==0.1.18
    # via arize-phoenix
openinference-semantic-conventions==0.1.10
    # via arize-phoenix
    # via arize-phoenix-otel
    # via openinference-instrumentation
opentelemetry-api==1.27.0
    # via openinference-instrumentation
    # via opentelemetry-exporter-otlp-proto-grpc
    # via opentelemetry-exporter-otlp-proto-http
    # via opentelemetry-sdk
    # via opentelemetry-semantic-conventions
opentelemetry-exporter-otlp==1.27.0
    # via arize-phoenix
    # via arize-phoenix-otel
opentelemetry-exporter-otlp-proto-common==1.27.0
    # via opentelemetry-exporter-otlp-proto-grpc
    # via opentelemetry-exporter-otlp-proto-http
opentelemetry-exporter-otlp-proto-grpc==1.27.0
    # via opentelemetry-exporter-otlp
opentelemetry-exporter-otlp-proto-http==1.27.0
    # via opentelemetry-exporter-otlp
opentelemetry-proto==1.27.0
    # via arize-phoenix
    # via arize-phoenix-otel
    # via opentelemetry-exporter-otlp-proto-common
    # via opentelemetry-exporter-otlp-proto-grpc
    # via opentelemetry-exporter-otlp-proto-http
opentelemetry-sdk==1.27.0
    # via arize-phoenix
    # via arize-phoenix-otel
    # via openinference-instrumentation
    # via opentelemetry-exporter-otlp-proto-grpc
    # via opentelemetry-exporter-otlp-proto-http
opentelemetry-semantic-conventions==0.48b0
    # via arize-phoenix
    # via arize-phoenix-otel
    # via opentelemetry-sdk
pandas==2.2.3
    # via arize-phoenix
    # via arize-phoenix-evals
protobuf==4.25.5
    # via arize-phoenix
    # via googleapis-common-protos
    # via opentelemetry-proto
psutil==6.0.0
    # via arize-phoenix
pyarrow==17.0.0
    # via arize-phoenix
pycparser==2.22
    # via cffi
pydantic==2.9.2
    # via arize-phoenix
    # via fastapi
    # via openai
pydantic-core==2.23.4
    # via pydantic
pynndescent==0.5.13
    # via umap-learn
python-dateutil==2.9.0.post0
    # via pandas
    # via strawberry-graphql
python-dotenv==1.0.1
    # via demo
python-multipart==0.0.12
    # via arize-phoenix
pytz==2024.2
    # via pandas
requests==2.32.3
    # via opentelemetry-exporter-otlp-proto-http
scikit-learn==1.5.2
    # via arize-phoenix
    # via fast-hdbscan
    # via pynndescent
    # via umap-learn
scipy==1.14.1
    # via arize-phoenix
    # via pynndescent
    # via scikit-learn
    # via umap-learn
six==1.16.0
    # via python-dateutil
sniffio==1.3.1
    # via anyio
    # via httpx
    # via openai
sqlalchemy==2.0.35
    # via alembic
    # via arize-phoenix
sqlean-py==3.45.1
    # via arize-phoenix
starlette==0.39.2
    # via arize-phoenix
    # via fastapi
strawberry-graphql==0.243.1
    # via arize-phoenix
threadpoolctl==3.5.0
    # via scikit-learn
tqdm==4.66.5
    # via arize-phoenix
    # via arize-phoenix-evals
    # via openai
    # via umap-learn
typing-extensions==4.12.2
    # via aiosqlite
    # via alembic
    # via arize-phoenix
    # via arize-phoenix-evals
    # via arize-phoenix-otel
    # via fastapi
    # via openai
    # via opentelemetry-sdk
    # via pydantic
    # via pydantic-core
    # via sqlalchemy
    # via strawberry-graphql
tzdata==2024.2
    # via pandas
umap-learn==0.5.6
    # via arize-phoenix
urllib3==2.2.3
    # via requests
uvicorn==0.31.1
    # via arize-phoenix
wrapt==1.16.0
    # via arize-phoenix
    # via deprecated
zipp==3.20.2
    # via importlib-metadata
